
Microsoft Visual Studio Solution File, Format Version 11.00
# Visual Studio 2010
Project("{FAE04EC0-301F-11D3-BF4B-00C04F79EFBC}") = "SampleApp", "Samples\SampleApp\SampleApp.csproj", "{2867F5B1-1C16-4984-9C23-A3C4D1C779FF}"
EndProject
Project("{FAE04EC0-301F-11D3-BF4B-00C04F79EFBC}") = "SisoDb", "Source\SisoDb\SisoDb.csproj", "{B0DBD485-B46D-4566-A755-4BF445FD6375}"
EndProject
Project("{2150E333-8FDC-42A3-9474-1A3956D46DE8}") = "Samples", "Samples", "{D3689F9C-7F0C-49BB-910A-BBE0D42C4A57}"
EndProject
Project("{2150E333-8FDC-42A3-9474-1A3956D46DE8}") = "Tests", "Tests", "{DE508E74-C9A8-4617-A293-AF1FA476CAEE}"
EndProject
Project("{FAE04EC0-301F-11D3-BF4B-00C04F79EFBC}") = "SisoDb.TestUtils", "Tests\SisoDb.TestUtils\SisoDb.TestUtils.csproj", "{5CAC205F-5470-44A6-878F-F33768415D25}"
EndProject
Project("{2150E333-8FDC-42A3-9474-1A3956D46DE8}") = "Solution Items", "Solution Items", "{09A45B8C-AD04-4E4A-9B5A-D33A886D5DAA}"
	ProjectSection(SolutionItems) = preProject
		License-ServiceStack.txt = License-ServiceStack.txt
		License-SisoDb.txt = License-SisoDb.txt
		Releasenotes.txt = Releasenotes.txt
	EndProjectSection
EndProject
Project("{FAE04EC0-301F-11D3-BF4B-00C04F79EFBC}") = "SisoDb.Tests.UnitTests", "Tests\SisoDb.Tests.UnitTests\SisoDb.Tests.UnitTests.csproj", "{73C5C30B-36DE-4A5E-A64D-CD06A63A601C}"
EndProject
Project("{FAE04EC0-301F-11D3-BF4B-00C04F79EFBC}") = "SisoDb.Tests.IntegrationTests", "Tests\SisoDb.Tests.IntegrationTests\SisoDb.Tests.IntegrationTests.csproj", "{E347A655-DB90-41A6-B062-36F5F8B59C55}"
EndProject
Project("{2150E333-8FDC-42A3-9474-1A3956D46DE8}") = "Profiling", "Profiling", "{4E11F94F-000C-4D8F-9578-DB6D4BD9B540}"
EndProject
Project("{FAE04EC0-301F-11D3-BF4B-00C04F79EFBC}") = "SisoDb.Profiling", "Profiling\SisoDb.Profiling\SisoDb.Profiling.csproj", "{A3FDFDC3-EE16-4BE8-A01A-ADF5198D9240}"
EndProject
Project("{FAE04EC0-301F-11D3-BF4B-00C04F79EFBC}") = "SisoDb.Providers.SqlCe4", "Source\SisoDb.Providers.SqlCe4\SisoDb.Providers.SqlCe4.csproj", "{C70A59D2-F7B0-46D0-95C4-F375EEDAEB5E}"
EndProject
Project("{FAE04EC0-301F-11D3-BF4B-00C04F79EFBC}") = "SisoDb.Providers.SqlAzure", "Source\SisoDb.Providers.SqlAzure\SisoDb.Providers.SqlAzure.csproj", "{BE01AA89-F64C-4CDF-B936-EC973868E0F8}"
EndProject
Project("{FAE04EC0-301F-11D3-BF4B-00C04F79EFBC}") = "SisoDb.Providers.Sql2008", "Source\SisoDb.Providers.Sql2008\SisoDb.Providers.Sql2008.csproj", "{661D181A-AAE8-45AE-ABE8-379947DDF686}"
EndProject
Project("{FAE04EC0-301F-11D3-BF4B-00C04F79EFBC}") = "SisoDb.Dynamic", "Source\SisoDb.Dynamic\SisoDb.Dynamic.csproj", "{A6AEE197-668A-4A08-98A7-F0CB76D359C0}"
EndProject
Global
	GlobalSection(SolutionConfigurationPlatforms) = preSolution
		Debug|Any CPU = Debug|Any CPU
		Deploy|Any CPU = Deploy|Any CPU
		Release|Any CPU = Release|Any CPU
	EndGlobalSection
	GlobalSection(ProjectConfigurationPlatforms) = postSolution
		{2867F5B1-1C16-4984-9C23-A3C4D1C779FF}.Debug|Any CPU.ActiveCfg = Debug|Any CPU
		{2867F5B1-1C16-4984-9C23-A3C4D1C779FF}.Debug|Any CPU.Build.0 = Debug|Any CPU
		{2867F5B1-1C16-4984-9C23-A3C4D1C779FF}.Deploy|Any CPU.ActiveCfg = Deploy|Any CPU
		{2867F5B1-1C16-4984-9C23-A3C4D1C779FF}.Release|Any CPU.ActiveCfg = Release|Any CPU
		{2867F5B1-1C16-4984-9C23-A3C4D1C779FF}.Release|Any CPU.Build.0 = Release|Any CPU
		{B0DBD485-B46D-4566-A755-4BF445FD6375}.Debug|Any CPU.ActiveCfg = Debug|Any CPU
		{B0DBD485-B46D-4566-A755-4BF445FD6375}.Debug|Any CPU.Build.0 = Debug|Any CPU
		{B0DBD485-B46D-4566-A755-4BF445FD6375}.Deploy|Any CPU.ActiveCfg = Deploy|Any CPU
		{B0DBD485-B46D-4566-A755-4BF445FD6375}.Deploy|Any CPU.Build.0 = Deploy|Any CPU
		{B0DBD485-B46D-4566-A755-4BF445FD6375}.Release|Any CPU.ActiveCfg = Release|Any CPU
		{B0DBD485-B46D-4566-A755-4BF445FD6375}.Release|Any CPU.Build.0 = Release|Any CPU
		{5CAC205F-5470-44A6-878F-F33768415D25}.Debug|Any CPU.ActiveCfg = Debug|Any CPU
		{5CAC205F-5470-44A6-878F-F33768415D25}.Debug|Any CPU.Build.0 = Debug|Any CPU
		{5CAC205F-5470-44A6-878F-F33768415D25}.Deploy|Any CPU.ActiveCfg = Deploy|Any CPU
		{5CAC205F-5470-44A6-878F-F33768415D25}.Release|Any CPU.ActiveCfg = Release|Any CPU
		{5CAC205F-5470-44A6-878F-F33768415D25}.Release|Any CPU.Build.0 = Release|Any CPU
		{73C5C30B-36DE-4A5E-A64D-CD06A63A601C}.Debug|Any CPU.ActiveCfg = Debug|Any CPU
		{73C5C30B-36DE-4A5E-A64D-CD06A63A601C}.Debug|Any CPU.Build.0 = Debug|Any CPU
		{73C5C30B-36DE-4A5E-A64D-CD06A63A601C}.Deploy|Any CPU.ActiveCfg = Deploy|Any CPU
		{73C5C30B-36DE-4A5E-A64D-CD06A63A601C}.Release|Any CPU.ActiveCfg = Release|Any CPU
		{73C5C30B-36DE-4A5E-A64D-CD06A63A601C}.Release|Any CPU.Build.0 = Release|Any CPU
		{E347A655-DB90-41A6-B062-36F5F8B59C55}.Debug|Any CPU.ActiveCfg = Debug|Any CPU
		{E347A655-DB90-41A6-B062-36F5F8B59C55}.Debug|Any CPU.Build.0 = Debug|Any CPU
		{E347A655-DB90-41A6-B062-36F5F8B59C55}.Deploy|Any CPU.ActiveCfg = Deploy|Any CPU
		{E347A655-DB90-41A6-B062-36F5F8B59C55}.Release|Any CPU.ActiveCfg = Release|Any CPU
		{E347A655-DB90-41A6-B062-36F5F8B59C55}.Release|Any CPU.Build.0 = Release|Any CPU
		{A3FDFDC3-EE16-4BE8-A01A-ADF5198D9240}.Debug|Any CPU.ActiveCfg = Debug|Any CPU
		{A3FDFDC3-EE16-4BE8-A01A-ADF5198D9240}.Debug|Any CPU.Build.0 = Debug|Any CPU
		{A3FDFDC3-EE16-4BE8-A01A-ADF5198D9240}.Deploy|Any CPU.ActiveCfg = Deploy|Any CPU
		{A3FDFDC3-EE16-4BE8-A01A-ADF5198D9240}.Release|Any CPU.ActiveCfg = Release|Any CPU
		{A3FDFDC3-EE16-4BE8-A01A-ADF5198D9240}.Release|Any CPU.Build.0 = Release|Any CPU
		{C70A59D2-F7B0-46D0-95C4-F375EEDAEB5E}.Debug|Any CPU.ActiveCfg = Debug|Any CPU
		{C70A59D2-F7B0-46D0-95C4-F375EEDAEB5E}.Debug|Any CPU.Build.0 = Debug|Any CPU
		{C70A59D2-F7B0-46D0-95C4-F375EEDAEB5E}.Deploy|Any CPU.ActiveCfg = Deploy|Any CPU
		{C70A59D2-F7B0-46D0-95C4-F375EEDAEB5E}.Deploy|Any CPU.Build.0 = Deploy|Any CPU
		{C70A59D2-F7B0-46D0-95C4-F375EEDAEB5E}.Release|Any CPU.ActiveCfg = Release|Any CPU
		{C70A59D2-F7B0-46D0-95C4-F375EEDAEB5E}.Release|Any CPU.Build.0 = Release|Any CPU
		{BE01AA89-F64C-4CDF-B936-EC973868E0F8}.Debug|Any CPU.ActiveCfg = Debug|Any CPU
		{BE01AA89-F64C-4CDF-B936-EC973868E0F8}.Debug|Any CPU.Build.0 = Debug|Any CPU
		{BE01AA89-F64C-4CDF-B936-EC973868E0F8}.Deploy|Any CPU.ActiveCfg = Deploy|Any CPU
		{BE01AA89-F64C-4CDF-B936-EC973868E0F8}.Deploy|Any CPU.Build.0 = Deploy|Any CPU
		{BE01AA89-F64C-4CDF-B936-EC973868E0F8}.Release|Any CPU.ActiveCfg = Release|Any CPU
		{BE01AA89-F64C-4CDF-B936-EC973868E0F8}.Release|Any CPU.Build.0 = Release|Any CPU
		{661D181A-AAE8-45AE-ABE8-379947DDF686}.Debug|Any CPU.ActiveCfg = Debug|Any CPU
		{661D181A-AAE8-45AE-ABE8-379947DDF686}.Debug|Any CPU.Build.0 = Debug|Any CPU
		{661D181A-AAE8-45AE-ABE8-379947DDF686}.Deploy|Any CPU.ActiveCfg = Deploy|Any CPU
		{661D181A-AAE8-45AE-ABE8-379947DDF686}.Deploy|Any CPU.Build.0 = Deploy|Any CPU
		{661D181A-AAE8-45AE-ABE8-379947DDF686}.Release|Any CPU.ActiveCfg = Release|Any CPU
		{661D181A-AAE8-45AE-ABE8-379947DDF686}.Release|Any CPU.Build.0 = Release|Any CPU
		{A6AEE197-668A-4A08-98A7-F0CB76D359C0}.Debug|Any CPU.ActiveCfg = Debug|Any CPU
		{A6AEE197-668A-4A08-98A7-F0CB76D359C0}.Debug|Any CPU.Build.0 = Debug|Any CPU
		{A6AEE197-668A-4A08-98A7-F0CB76D359C0}.Deploy|Any CPU.ActiveCfg = Deploy|Any CPU
		{A6AEE197-668A-4A08-98A7-F0CB76D359C0}.Deploy|Any CPU.Build.0 = Deploy|Any CPU
		{A6AEE197-668A-4A08-98A7-F0CB76D359C0}.Release|Any CPU.ActiveCfg = Release|Any CPU
		{A6AEE197-668A-4A08-98A7-F0CB76D359C0}.Release|Any CPU.Build.0 = Release|Any CPU
	EndGlobalSection
	GlobalSection(SolutionProperties) = preSolution
		HideSolutionNode = FALSE
	EndGlobalSection
	GlobalSection(NestedProjects) = preSolution
		{2867F5B1-1C16-4984-9C23-A3C4D1C779FF} = {D3689F9C-7F0C-49BB-910A-BBE0D42C4A57}
		{5CAC205F-5470-44A6-878F-F33768415D25} = {DE508E74-C9A8-4617-A293-AF1FA476CAEE}
		{73C5C30B-36DE-4A5E-A64D-CD06A63A601C} = {DE508E74-C9A8-4617-A293-AF1FA476CAEE}
		{E347A655-DB90-41A6-B062-36F5F8B59C55} = {DE508E74-C9A8-4617-A293-AF1FA476CAEE}
		{A3FDFDC3-EE16-4BE8-A01A-ADF5198D9240} = {4E11F94F-000C-4D8F-9578-DB6D4BD9B540}
	EndGlobalSection
EndGlobal
