
Microsoft Visual Studio Solution File, Format Version 12.00
# Visual Studio 11
Project("{FAE04EC0-301F-11D3-BF4B-00C04F79EFBC}") = "SisoDb.MiniProfiler", "SisoDb.MiniProfiler.csproj", "{A8B643D5-CBBE-442E-BC60-C2A6292B93C9}"
EndProject
Global
	GlobalSection(SolutionConfigurationPlatforms) = preSolution
		Debug|Any CPU = Debug|Any CPU
		Release|Any CPU = Release|Any CPU
	EndGlobalSection
	GlobalSection(ProjectConfigurationPlatforms) = postSolution
		{A8B643D5-CBBE-442E-BC60-C2A6292B93C9}.Debug|Any CPU.ActiveCfg = Debug|Any CPU
		{A8B643D5-CBBE-442E-BC60-C2A6292B93C9}.Debug|Any CPU.Build.0 = Debug|Any CPU
		{A8B643D5-CBBE-442E-BC60-C2A6292B93C9}.Release|Any CPU.ActiveCfg = Release|Any CPU
		{A8B643D5-CBBE-442E-BC60-C2A6292B93C9}.Release|Any CPU.Build.0 = Release|Any CPU
	EndGlobalSection
	GlobalSection(SolutionProperties) = preSolution
		HideSolutionNode = FALSE
	EndGlobalSection
EndGlobal
