
Microsoft Visual Studio Solution File, Format Version 12.00
# Visual Studio 2012
Project("{FAE04EC0-301F-11D3-BF4B-00C04F79EFBC}") = "SisoDb", "Projects\SisoDb\SisoDb.csproj", "{B0DBD485-B46D-4566-A755-4BF445FD6375}"
EndProject
Project("{2150E333-8FDC-42A3-9474-1A3956D46DE8}") = "Verifications", "Verifications", "{DE508E74-C9A8-4617-A293-AF1FA476CAEE}"
EndProject
Project("{2150E333-8FDC-42A3-9474-1A3956D46DE8}") = "Solution Items", "Solution Items", "{09A45B8C-AD04-4E4A-9B5A-D33A886D5DAA}"
	ProjectSection(SolutionItems) = preProject
		License-ServiceStack.txt = License-ServiceStack.txt
		License-SisoDb.txt = License-SisoDb.txt
		Releasenotes.txt = Releasenotes.txt
		Samples.txt = Samples.txt
		SharedAssemblyInfo.cs = SharedAssemblyInfo.cs
	EndProjectSection
EndProject
Project("{FAE04EC0-301F-11D3-BF4B-00C04F79EFBC}") = "SisoDb.UnitTests", "Tests\SisoDb.UnitTests\SisoDb.UnitTests.csproj", "{73C5C30B-36DE-4A5E-A64D-CD06A63A601C}"
EndProject
Project("{2150E333-8FDC-42A3-9474-1A3956D46DE8}") = "Samples", "Samples", "{4E11F94F-000C-4D8F-9578-DB6D4BD9B540}"
EndProject
Project("{FAE04EC0-301F-11D3-BF4B-00C04F79EFBC}") = "SisoDb.SampleApp", "Samples\SisoDb.SampleApp\SisoDb.SampleApp.csproj", "{A3FDFDC3-EE16-4BE8-A01A-ADF5198D9240}"
EndProject
Project("{FAE04EC0-301F-11D3-BF4B-00C04F79EFBC}") = "SisoDb.SqlCe4", "Projects\SisoDb.SqlCe4\SisoDb.SqlCe4.csproj", "{C70A59D2-F7B0-46D0-95C4-F375EEDAEB5E}"
EndProject
Project("{FAE04EC0-301F-11D3-BF4B-00C04F79EFBC}") = "SisoDb.Sql2008", "Projects\SisoDb.Sql2008\SisoDb.Sql2008.csproj", "{661D181A-AAE8-45AE-ABE8-379947DDF686}"
EndProject
Project("{FAE04EC0-301F-11D3-BF4B-00C04F79EFBC}") = "SisoDb.Specifications.Sql2008", "Tests\SisoDb.Specifications.Sql2008\SisoDb.Specifications.Sql2008.csproj", "{B0BA31B9-166E-40C1-A6EB-104018363FF3}"
EndProject
Project("{FAE04EC0-301F-11D3-BF4B-00C04F79EFBC}") = "SisoDb.Testing", "Tests\SisoDb.Testing\SisoDb.Testing.csproj", "{2C9376C7-514B-4D15-AA63-15AFE8149D40}"
EndProject
Project("{FAE04EC0-301F-11D3-BF4B-00C04F79EFBC}") = "SisoDb.Specifications.SqlCe4", "Tests\SisoDb.Specifications.SqlCe4\SisoDb.Specifications.SqlCe4.csproj", "{4D325705-3FC4-44AA-B571-BA3788609341}"
EndProject
Project("{FAE04EC0-301F-11D3-BF4B-00C04F79EFBC}") = "SisoDb.Specifications", "Tests\SisoDb.Specifications\SisoDb.Specifications.csproj", "{600055EF-5878-4A48-B503-EBA55A3FECAE}"
EndProject
Project("{FAE04EC0-301F-11D3-BF4B-00C04F79EFBC}") = "SisoDb.Sql2012", "Projects\SisoDb.Sql2012\SisoDb.Sql2012.csproj", "{8F79E2CB-91D6-4359-833A-A236BB0F814D}"
EndProject
Project("{FAE04EC0-301F-11D3-BF4B-00C04F79EFBC}") = "SisoDb.Specifications.Sql2012", "Tests\SisoDb.Specifications.Sql2012\SisoDb.Specifications.Sql2012.csproj", "{49F54583-E724-46AE-86C3-7EF1247816BC}"
EndProject
Project("{FAE04EC0-301F-11D3-BF4B-00C04F79EFBC}") = "SisoDb.MsMemoryCache", "Projects\SisoDb.MsMemoryCache\SisoDb.MsMemoryCache.csproj", "{52453C59-B957-46F0-8E44-F1203215758A}"
EndProject
Project("{2150E333-8FDC-42A3-9474-1A3956D46DE8}") = "Caching", "Caching", "{C3A9298E-FFF7-4245-8378-AEF255B8E9FA}"
EndProject
Project("{FAE04EC0-301F-11D3-BF4B-00C04F79EFBC}") = "SisoDb.Specifications.SqlProfiler", "Tests\SisoDb.Specifications.SqlProfiler\SisoDb.Specifications.SqlProfiler.csproj", "{23C3C07E-09B9-4F17-A2D5-9ACE22631851}"
EndProject
Project("{FAE04EC0-301F-11D3-BF4B-00C04F79EFBC}") = "SisoDb.MiniProfiler", "Projects\SisoDb.MiniProfiler\SisoDb.MiniProfiler.csproj", "{2024BA8F-33C4-4B1F-8101-73CD3B9CAE70}"
EndProject
Project("{FAE04EC0-301F-11D3-BF4B-00C04F79EFBC}") = "SisoDb.Dynamic", "Projects\SisoDb.Dynamic\SisoDb.Dynamic.csproj", "{9202564D-92FD-448F-851D-3DD3D1AA3137}"
EndProject
Project("{2150E333-8FDC-42A3-9474-1A3956D46DE8}") = "Diagnostics, profiling", "Diagnostics, profiling", "{7CB84C47-1AD0-4953-A453-69B7C41B1A78}"
EndProject
Project("{FAE04EC0-301F-11D3-BF4B-00C04F79EFBC}") = "SisoDb.Glimpse", "Projects\SisoDb.Glimpse\SisoDb.Glimpse.csproj", "{35D70540-2CB9-4DE7-9741-2292F275518B}"
EndProject
Project("{FAE04EC0-301F-11D3-BF4B-00C04F79EFBC}") = "SisoDb.SqlServer", "Projects\SisoDb.SqlServer\SisoDb.SqlServer.csproj", "{D9EC3CDF-61A0-4A7E-9022-2903D9A5FF96}"
EndProject
Project("{FAE04EC0-301F-11D3-BF4B-00C04F79EFBC}") = "SisoDb.Sql2005", "Projects\SisoDb.Sql2005\SisoDb.Sql2005.csproj", "{47BF9F27-5794-48B6-9476-2DFACD3BA806}"
EndProject
Project("{FAE04EC0-301F-11D3-BF4B-00C04F79EFBC}") = "SisoDb.Specifications.Sql2005", "Tests\SisoDb.Specifications.Sql2005\SisoDb.Specifications.Sql2005.csproj", "{9CC4B638-4647-497B-B025-43C9280FAF63}"
EndProject
Project("{FAE04EC0-301F-11D3-BF4B-00C04F79EFBC}") = "SisoDb.JsonNet", "Projects\SisoDb.JsonNet\SisoDb.JsonNet.csproj", "{1C63DD91-FC7E-40E0-A546-F206F6923BE0}"
EndProject
Project("{2150E333-8FDC-42A3-9474-1A3956D46DE8}") = "Serialization", "Serialization", "{09987DD7-DBDB-49CB-B064-DBC86BD1C293}"
EndProject
Project("{FAE04EC0-301F-11D3-BF4B-00C04F79EFBC}") = "SisoDb.ServiceStack", "Projects\SisoDb.ServiceStack\SisoDb.ServiceStack.csproj", "{D340BBCB-812E-4E48-ABCE-5A2E64AE8D63}"
EndProject
Project("{FAE04EC0-301F-11D3-BF4B-00C04F79EFBC}") = "SisoDb.Serialization", "Projects\SisoDb.Serialization\SisoDb.Serialization.csproj", "{5DF24B31-1222-467D-AD80-FD3B97A2671A}"
EndProject
Project("{FAE04EC0-301F-11D3-BF4B-00C04F79EFBC}") = "SisoDb.Spatial", "Projects\SisoDb.Spatial\SisoDb.Spatial.csproj", "{247A9856-C54B-4B11-8FEB-312FA5E86DFA}"
EndProject
Global
	GlobalSection(SolutionConfigurationPlatforms) = preSolution
		Debug|Any CPU = Debug|Any CPU
		Release|Any CPU = Release|Any CPU
	EndGlobalSection
	GlobalSection(ProjectConfigurationPlatforms) = postSolution
		{B0DBD485-B46D-4566-A755-4BF445FD6375}.Debug|Any CPU.ActiveCfg = Debug|Any CPU
		{B0DBD485-B46D-4566-A755-4BF445FD6375}.Debug|Any CPU.Build.0 = Debug|Any CPU
		{B0DBD485-B46D-4566-A755-4BF445FD6375}.Release|Any CPU.ActiveCfg = Release|Any CPU
		{B0DBD485-B46D-4566-A755-4BF445FD6375}.Release|Any CPU.Build.0 = Release|Any CPU
		{73C5C30B-36DE-4A5E-A64D-CD06A63A601C}.Debug|Any CPU.ActiveCfg = Debug|Any CPU
		{73C5C30B-36DE-4A5E-A64D-CD06A63A601C}.Debug|Any CPU.Build.0 = Debug|Any CPU
		{73C5C30B-36DE-4A5E-A64D-CD06A63A601C}.Release|Any CPU.ActiveCfg = Release|Any CPU
		{73C5C30B-36DE-4A5E-A64D-CD06A63A601C}.Release|Any CPU.Build.0 = Release|Any CPU
		{A3FDFDC3-EE16-4BE8-A01A-ADF5198D9240}.Debug|Any CPU.ActiveCfg = Debug|Any CPU
		{A3FDFDC3-EE16-4BE8-A01A-ADF5198D9240}.Debug|Any CPU.Build.0 = Debug|Any CPU
		{A3FDFDC3-EE16-4BE8-A01A-ADF5198D9240}.Release|Any CPU.ActiveCfg = Release|Any CPU
		{A3FDFDC3-EE16-4BE8-A01A-ADF5198D9240}.Release|Any CPU.Build.0 = Release|Any CPU
		{C70A59D2-F7B0-46D0-95C4-F375EEDAEB5E}.Debug|Any CPU.ActiveCfg = Debug|Any CPU
		{C70A59D2-F7B0-46D0-95C4-F375EEDAEB5E}.Debug|Any CPU.Build.0 = Debug|Any CPU
		{C70A59D2-F7B0-46D0-95C4-F375EEDAEB5E}.Release|Any CPU.ActiveCfg = Release|Any CPU
		{C70A59D2-F7B0-46D0-95C4-F375EEDAEB5E}.Release|Any CPU.Build.0 = Release|Any CPU
		{661D181A-AAE8-45AE-ABE8-379947DDF686}.Debug|Any CPU.ActiveCfg = Debug|Any CPU
		{661D181A-AAE8-45AE-ABE8-379947DDF686}.Debug|Any CPU.Build.0 = Debug|Any CPU
		{661D181A-AAE8-45AE-ABE8-379947DDF686}.Release|Any CPU.ActiveCfg = Release|Any CPU
		{661D181A-AAE8-45AE-ABE8-379947DDF686}.Release|Any CPU.Build.0 = Release|Any CPU
		{B0BA31B9-166E-40C1-A6EB-104018363FF3}.Debug|Any CPU.ActiveCfg = Debug|Any CPU
		{B0BA31B9-166E-40C1-A6EB-104018363FF3}.Debug|Any CPU.Build.0 = Debug|Any CPU
		{B0BA31B9-166E-40C1-A6EB-104018363FF3}.Release|Any CPU.ActiveCfg = Release|Any CPU
		{B0BA31B9-166E-40C1-A6EB-104018363FF3}.Release|Any CPU.Build.0 = Release|Any CPU
		{2C9376C7-514B-4D15-AA63-15AFE8149D40}.Debug|Any CPU.ActiveCfg = Debug|Any CPU
		{2C9376C7-514B-4D15-AA63-15AFE8149D40}.Debug|Any CPU.Build.0 = Debug|Any CPU
		{2C9376C7-514B-4D15-AA63-15AFE8149D40}.Release|Any CPU.ActiveCfg = Release|Any CPU
		{2C9376C7-514B-4D15-AA63-15AFE8149D40}.Release|Any CPU.Build.0 = Release|Any CPU
		{4D325705-3FC4-44AA-B571-BA3788609341}.Debug|Any CPU.ActiveCfg = Debug|Any CPU
		{4D325705-3FC4-44AA-B571-BA3788609341}.Debug|Any CPU.Build.0 = Debug|Any CPU
		{4D325705-3FC4-44AA-B571-BA3788609341}.Release|Any CPU.ActiveCfg = Release|Any CPU
		{4D325705-3FC4-44AA-B571-BA3788609341}.Release|Any CPU.Build.0 = Release|Any CPU
		{600055EF-5878-4A48-B503-EBA55A3FECAE}.Debug|Any CPU.ActiveCfg = Debug|Any CPU
		{600055EF-5878-4A48-B503-EBA55A3FECAE}.Debug|Any CPU.Build.0 = Debug|Any CPU
		{600055EF-5878-4A48-B503-EBA55A3FECAE}.Release|Any CPU.ActiveCfg = Release|Any CPU
		{600055EF-5878-4A48-B503-EBA55A3FECAE}.Release|Any CPU.Build.0 = Release|Any CPU
		{8F79E2CB-91D6-4359-833A-A236BB0F814D}.Debug|Any CPU.ActiveCfg = Debug|Any CPU
		{8F79E2CB-91D6-4359-833A-A236BB0F814D}.Debug|Any CPU.Build.0 = Debug|Any CPU
		{8F79E2CB-91D6-4359-833A-A236BB0F814D}.Release|Any CPU.ActiveCfg = Release|Any CPU
		{8F79E2CB-91D6-4359-833A-A236BB0F814D}.Release|Any CPU.Build.0 = Release|Any CPU
		{49F54583-E724-46AE-86C3-7EF1247816BC}.Debug|Any CPU.ActiveCfg = Debug|Any CPU
		{49F54583-E724-46AE-86C3-7EF1247816BC}.Debug|Any CPU.Build.0 = Debug|Any CPU
		{49F54583-E724-46AE-86C3-7EF1247816BC}.Release|Any CPU.ActiveCfg = Release|Any CPU
		{49F54583-E724-46AE-86C3-7EF1247816BC}.Release|Any CPU.Build.0 = Release|Any CPU
		{52453C59-B957-46F0-8E44-F1203215758A}.Debug|Any CPU.ActiveCfg = Debug|Any CPU
		{52453C59-B957-46F0-8E44-F1203215758A}.Debug|Any CPU.Build.0 = Debug|Any CPU
		{52453C59-B957-46F0-8E44-F1203215758A}.Release|Any CPU.ActiveCfg = Release|Any CPU
		{52453C59-B957-46F0-8E44-F1203215758A}.Release|Any CPU.Build.0 = Release|Any CPU
		{23C3C07E-09B9-4F17-A2D5-9ACE22631851}.Debug|Any CPU.ActiveCfg = Debug|Any CPU
		{23C3C07E-09B9-4F17-A2D5-9ACE22631851}.Debug|Any CPU.Build.0 = Debug|Any CPU
		{23C3C07E-09B9-4F17-A2D5-9ACE22631851}.Release|Any CPU.ActiveCfg = Release|Any CPU
		{23C3C07E-09B9-4F17-A2D5-9ACE22631851}.Release|Any CPU.Build.0 = Release|Any CPU
		{2024BA8F-33C4-4B1F-8101-73CD3B9CAE70}.Debug|Any CPU.ActiveCfg = Debug|Any CPU
		{2024BA8F-33C4-4B1F-8101-73CD3B9CAE70}.Debug|Any CPU.Build.0 = Debug|Any CPU
		{2024BA8F-33C4-4B1F-8101-73CD3B9CAE70}.Release|Any CPU.ActiveCfg = Release|Any CPU
		{2024BA8F-33C4-4B1F-8101-73CD3B9CAE70}.Release|Any CPU.Build.0 = Release|Any CPU
		{9202564D-92FD-448F-851D-3DD3D1AA3137}.Debug|Any CPU.ActiveCfg = Debug|Any CPU
		{9202564D-92FD-448F-851D-3DD3D1AA3137}.Debug|Any CPU.Build.0 = Debug|Any CPU
		{9202564D-92FD-448F-851D-3DD3D1AA3137}.Release|Any CPU.ActiveCfg = Release|Any CPU
		{9202564D-92FD-448F-851D-3DD3D1AA3137}.Release|Any CPU.Build.0 = Release|Any CPU
		{35D70540-2CB9-4DE7-9741-2292F275518B}.Debug|Any CPU.ActiveCfg = Debug|Any CPU
		{35D70540-2CB9-4DE7-9741-2292F275518B}.Debug|Any CPU.Build.0 = Debug|Any CPU
		{35D70540-2CB9-4DE7-9741-2292F275518B}.Release|Any CPU.ActiveCfg = Release|Any CPU
		{35D70540-2CB9-4DE7-9741-2292F275518B}.Release|Any CPU.Build.0 = Release|Any CPU
		{D9EC3CDF-61A0-4A7E-9022-2903D9A5FF96}.Debug|Any CPU.ActiveCfg = Debug|Any CPU
		{D9EC3CDF-61A0-4A7E-9022-2903D9A5FF96}.Debug|Any CPU.Build.0 = Debug|Any CPU
		{D9EC3CDF-61A0-4A7E-9022-2903D9A5FF96}.Release|Any CPU.ActiveCfg = Release|Any CPU
		{D9EC3CDF-61A0-4A7E-9022-2903D9A5FF96}.Release|Any CPU.Build.0 = Release|Any CPU
		{47BF9F27-5794-48B6-9476-2DFACD3BA806}.Debug|Any CPU.ActiveCfg = Debug|Any CPU
		{47BF9F27-5794-48B6-9476-2DFACD3BA806}.Debug|Any CPU.Build.0 = Debug|Any CPU
		{47BF9F27-5794-48B6-9476-2DFACD3BA806}.Release|Any CPU.ActiveCfg = Release|Any CPU
		{47BF9F27-5794-48B6-9476-2DFACD3BA806}.Release|Any CPU.Build.0 = Release|Any CPU
		{9CC4B638-4647-497B-B025-43C9280FAF63}.Debug|Any CPU.ActiveCfg = Debug|Any CPU
		{9CC4B638-4647-497B-B025-43C9280FAF63}.Debug|Any CPU.Build.0 = Debug|Any CPU
		{9CC4B638-4647-497B-B025-43C9280FAF63}.Release|Any CPU.ActiveCfg = Release|Any CPU
		{9CC4B638-4647-497B-B025-43C9280FAF63}.Release|Any CPU.Build.0 = Release|Any CPU
		{1C63DD91-FC7E-40E0-A546-F206F6923BE0}.Debug|Any CPU.ActiveCfg = Debug|Any CPU
		{1C63DD91-FC7E-40E0-A546-F206F6923BE0}.Debug|Any CPU.Build.0 = Debug|Any CPU
		{1C63DD91-FC7E-40E0-A546-F206F6923BE0}.Release|Any CPU.ActiveCfg = Release|Any CPU
		{1C63DD91-FC7E-40E0-A546-F206F6923BE0}.Release|Any CPU.Build.0 = Release|Any CPU
		{D340BBCB-812E-4E48-ABCE-5A2E64AE8D63}.Debug|Any CPU.ActiveCfg = Debug|Any CPU
		{D340BBCB-812E-4E48-ABCE-5A2E64AE8D63}.Debug|Any CPU.Build.0 = Debug|Any CPU
		{D340BBCB-812E-4E48-ABCE-5A2E64AE8D63}.Release|Any CPU.ActiveCfg = Release|Any CPU
		{D340BBCB-812E-4E48-ABCE-5A2E64AE8D63}.Release|Any CPU.Build.0 = Release|Any CPU
		{5DF24B31-1222-467D-AD80-FD3B97A2671A}.Debug|Any CPU.ActiveCfg = Debug|Any CPU
		{5DF24B31-1222-467D-AD80-FD3B97A2671A}.Debug|Any CPU.Build.0 = Debug|Any CPU
		{5DF24B31-1222-467D-AD80-FD3B97A2671A}.Release|Any CPU.ActiveCfg = Release|Any CPU
		{5DF24B31-1222-467D-AD80-FD3B97A2671A}.Release|Any CPU.Build.0 = Release|Any CPU
		{247A9856-C54B-4B11-8FEB-312FA5E86DFA}.Debug|Any CPU.ActiveCfg = Debug|Any CPU
		{247A9856-C54B-4B11-8FEB-312FA5E86DFA}.Debug|Any CPU.Build.0 = Debug|Any CPU
		{247A9856-C54B-4B11-8FEB-312FA5E86DFA}.Release|Any CPU.ActiveCfg = Release|Any CPU
		{247A9856-C54B-4B11-8FEB-312FA5E86DFA}.Release|Any CPU.Build.0 = Release|Any CPU
	EndGlobalSection
	GlobalSection(SolutionProperties) = preSolution
		HideSolutionNode = FALSE
	EndGlobalSection
	GlobalSection(NestedProjects) = preSolution
		{73C5C30B-36DE-4A5E-A64D-CD06A63A601C} = {DE508E74-C9A8-4617-A293-AF1FA476CAEE}
		{B0BA31B9-166E-40C1-A6EB-104018363FF3} = {DE508E74-C9A8-4617-A293-AF1FA476CAEE}
		{2C9376C7-514B-4D15-AA63-15AFE8149D40} = {DE508E74-C9A8-4617-A293-AF1FA476CAEE}
		{4D325705-3FC4-44AA-B571-BA3788609341} = {DE508E74-C9A8-4617-A293-AF1FA476CAEE}
		{600055EF-5878-4A48-B503-EBA55A3FECAE} = {DE508E74-C9A8-4617-A293-AF1FA476CAEE}
		{49F54583-E724-46AE-86C3-7EF1247816BC} = {DE508E74-C9A8-4617-A293-AF1FA476CAEE}
		{23C3C07E-09B9-4F17-A2D5-9ACE22631851} = {DE508E74-C9A8-4617-A293-AF1FA476CAEE}
		{9CC4B638-4647-497B-B025-43C9280FAF63} = {DE508E74-C9A8-4617-A293-AF1FA476CAEE}
		{A3FDFDC3-EE16-4BE8-A01A-ADF5198D9240} = {4E11F94F-000C-4D8F-9578-DB6D4BD9B540}
		{52453C59-B957-46F0-8E44-F1203215758A} = {C3A9298E-FFF7-4245-8378-AEF255B8E9FA}
		{2024BA8F-33C4-4B1F-8101-73CD3B9CAE70} = {7CB84C47-1AD0-4953-A453-69B7C41B1A78}
		{35D70540-2CB9-4DE7-9741-2292F275518B} = {7CB84C47-1AD0-4953-A453-69B7C41B1A78}
		{1C63DD91-FC7E-40E0-A546-F206F6923BE0} = {09987DD7-DBDB-49CB-B064-DBC86BD1C293}
		{D340BBCB-812E-4E48-ABCE-5A2E64AE8D63} = {09987DD7-DBDB-49CB-B064-DBC86BD1C293}
		{5DF24B31-1222-467D-AD80-FD3B97A2671A} = {09987DD7-DBDB-49CB-B064-DBC86BD1C293}
	EndGlobalSection
EndGlobal
