
Microsoft Visual Studio Solution File, Format Version 11.00
# Visual Studio 2010
Project("{FAE04EC0-301F-11D3-BF4B-00C04F79EFBC}") = "SampleApp", "Samples\SampleApp\SampleApp.csproj", "{2867F5B1-1C16-4984-9C23-A3C4D1C779FF}"
EndProject
Project("{FAE04EC0-301F-11D3-BF4B-00C04F79EFBC}") = "SisoDb", "Source\SisoDb\SisoDb.csproj", "{B0DBD485-B46D-4566-A755-4BF445FD6375}"
EndProject
Project("{2150E333-8FDC-42A3-9474-1A3956D46DE8}") = "Samples", "Samples", "{D3689F9C-7F0C-49BB-910A-BBE0D42C4A57}"
EndProject
Project("{2150E333-8FDC-42A3-9474-1A3956D46DE8}") = "Tests", "Tests", "{DE508E74-C9A8-4617-A293-AF1FA476CAEE}"
EndProject
Project("{FAE04EC0-301F-11D3-BF4B-00C04F79EFBC}") = "SisoDb.TestUtils", "Tests\SisoDb.TestUtils\SisoDb.TestUtils.csproj", "{5CAC205F-5470-44A6-878F-F33768415D25}"
EndProject
Project("{2150E333-8FDC-42A3-9474-1A3956D46DE8}") = "Solution Items", "Solution Items", "{09A45B8C-AD04-4E4A-9B5A-D33A886D5DAA}"
	ProjectSection(SolutionItems) = preProject
		Libs\Json.Net-bin\License-Newtonsoft.Json.txt = Libs\Json.Net-bin\License-Newtonsoft.Json.txt
		License-SisoDb.txt = License-SisoDb.txt
	EndProjectSection
EndProject
Project("{FAE04EC0-301F-11D3-BF4B-00C04F79EFBC}") = "SisoDb.Tests.UnitTests", "Tests\SisoDb.Tests.UnitTests\SisoDb.Tests.UnitTests.csproj", "{73C5C30B-36DE-4A5E-A64D-CD06A63A601C}"
EndProject
Project("{FAE04EC0-301F-11D3-BF4B-00C04F79EFBC}") = "SisoDb.Tests.IntegrationTests", "Tests\SisoDb.Tests.IntegrationTests\SisoDb.Tests.IntegrationTests.csproj", "{E347A655-DB90-41A6-B062-36F5F8B59C55}"
EndProject
Project("{2150E333-8FDC-42A3-9474-1A3956D46DE8}") = "Profiling", "Profiling", "{4E11F94F-000C-4D8F-9578-DB6D4BD9B540}"
EndProject
Project("{FAE04EC0-301F-11D3-BF4B-00C04F79EFBC}") = "SisoDb.Profiling", "Profiling\SisoDb.Profiling\SisoDb.Profiling.csproj", "{A3FDFDC3-EE16-4BE8-A01A-ADF5198D9240}"
EndProject
Global
	GlobalSection(SolutionConfigurationPlatforms) = preSolution
		Debug|Any CPU = Debug|Any CPU
		Deploy|Any CPU = Deploy|Any CPU
		Release|Any CPU = Release|Any CPU
	EndGlobalSection
	GlobalSection(ProjectConfigurationPlatforms) = postSolution
		{2867F5B1-1C16-4984-9C23-A3C4D1C779FF}.Debug|Any CPU.ActiveCfg = Debug|Any CPU
		{2867F5B1-1C16-4984-9C23-A3C4D1C779FF}.Debug|Any CPU.Build.0 = Debug|Any CPU
		{2867F5B1-1C16-4984-9C23-A3C4D1C779FF}.Deploy|Any CPU.ActiveCfg = Deploy|Any CPU
		{2867F5B1-1C16-4984-9C23-A3C4D1C779FF}.Release|Any CPU.ActiveCfg = Release|Any CPU
		{2867F5B1-1C16-4984-9C23-A3C4D1C779FF}.Release|Any CPU.Build.0 = Release|Any CPU
		{B0DBD485-B46D-4566-A755-4BF445FD6375}.Debug|Any CPU.ActiveCfg = Debug|Any CPU
		{B0DBD485-B46D-4566-A755-4BF445FD6375}.Debug|Any CPU.Build.0 = Debug|Any CPU
		{B0DBD485-B46D-4566-A755-4BF445FD6375}.Deploy|Any CPU.ActiveCfg = Deploy|Any CPU
		{B0DBD485-B46D-4566-A755-4BF445FD6375}.Deploy|Any CPU.Build.0 = Deploy|Any CPU
		{B0DBD485-B46D-4566-A755-4BF445FD6375}.Release|Any CPU.ActiveCfg = Release|Any CPU
		{B0DBD485-B46D-4566-A755-4BF445FD6375}.Release|Any CPU.Build.0 = Release|Any CPU
		{5CAC205F-5470-44A6-878F-F33768415D25}.Debug|Any CPU.ActiveCfg = Debug|Any CPU
		{5CAC205F-5470-44A6-878F-F33768415D25}.Debug|Any CPU.Build.0 = Debug|Any CPU
		{5CAC205F-5470-44A6-878F-F33768415D25}.Deploy|Any CPU.ActiveCfg = Deploy|Any CPU
		{5CAC205F-5470-44A6-878F-F33768415D25}.Release|Any CPU.ActiveCfg = Release|Any CPU
		{5CAC205F-5470-44A6-878F-F33768415D25}.Release|Any CPU.Build.0 = Release|Any CPU
		{73C5C30B-36DE-4A5E-A64D-CD06A63A601C}.Debug|Any CPU.ActiveCfg = Debug|Any CPU
		{73C5C30B-36DE-4A5E-A64D-CD06A63A601C}.Debug|Any CPU.Build.0 = Debug|Any CPU
		{73C5C30B-36DE-4A5E-A64D-CD06A63A601C}.Deploy|Any CPU.ActiveCfg = Deploy|Any CPU
		{73C5C30B-36DE-4A5E-A64D-CD06A63A601C}.Release|Any CPU.ActiveCfg = Release|Any CPU
		{73C5C30B-36DE-4A5E-A64D-CD06A63A601C}.Release|Any CPU.Build.0 = Release|Any CPU
		{E347A655-DB90-41A6-B062-36F5F8B59C55}.Debug|Any CPU.ActiveCfg = Debug|Any CPU
		{E347A655-DB90-41A6-B062-36F5F8B59C55}.Debug|Any CPU.Build.0 = Debug|Any CPU
		{E347A655-DB90-41A6-B062-36F5F8B59C55}.Deploy|Any CPU.ActiveCfg = Deploy|Any CPU
		{E347A655-DB90-41A6-B062-36F5F8B59C55}.Release|Any CPU.ActiveCfg = Release|Any CPU
		{E347A655-DB90-41A6-B062-36F5F8B59C55}.Release|Any CPU.Build.0 = Release|Any CPU
		{A3FDFDC3-EE16-4BE8-A01A-ADF5198D9240}.Debug|Any CPU.ActiveCfg = Debug|Any CPU
		{A3FDFDC3-EE16-4BE8-A01A-ADF5198D9240}.Debug|Any CPU.Build.0 = Debug|Any CPU
		{A3FDFDC3-EE16-4BE8-A01A-ADF5198D9240}.Deploy|Any CPU.ActiveCfg = Deploy|Any CPU
		{A3FDFDC3-EE16-4BE8-A01A-ADF5198D9240}.Release|Any CPU.ActiveCfg = Release|Any CPU
		{A3FDFDC3-EE16-4BE8-A01A-ADF5198D9240}.Release|Any CPU.Build.0 = Release|Any CPU
	EndGlobalSection
	GlobalSection(SolutionProperties) = preSolution
		HideSolutionNode = FALSE
	EndGlobalSection
	GlobalSection(NestedProjects) = preSolution
		{2867F5B1-1C16-4984-9C23-A3C4D1C779FF} = {D3689F9C-7F0C-49BB-910A-BBE0D42C4A57}
		{5CAC205F-5470-44A6-878F-F33768415D25} = {DE508E74-C9A8-4617-A293-AF1FA476CAEE}
		{73C5C30B-36DE-4A5E-A64D-CD06A63A601C} = {DE508E74-C9A8-4617-A293-AF1FA476CAEE}
		{E347A655-DB90-41A6-B062-36F5F8B59C55} = {DE508E74-C9A8-4617-A293-AF1FA476CAEE}
		{A3FDFDC3-EE16-4BE8-A01A-ADF5198D9240} = {4E11F94F-000C-4D8F-9578-DB6D4BD9B540}
	EndGlobalSection
EndGlobal
